// !$*UTF8*$!
{
	archiveVersion = 1;
	classes = {
	};
	objectVersion = 46;
	objects = {

/* Begin PBXBuildFile section */
		B30E02D31E55EC220009B56E /* main.m in Sources */ = {isa = PBXBuildFile; fileRef = B30E02D21E55EC220009B56E /* main.m */; };
		B30E02D61E55EC220009B56E /* AppDelegate.m in Sources */ = {isa = PBXBuildFile; fileRef = B30E02D51E55EC220009B56E /* AppDelegate.m */; };
		B30E02DE1E55EC220009B56E /* Assets.xcassets in Resources */ = {isa = PBXBuildFile; fileRef = B30E02DD1E55EC220009B56E /* Assets.xcassets */; };
		B30E02E11E55EC220009B56E /* LaunchScreen.storyboard in Resources */ = {isa = PBXBuildFile; fileRef = B30E02DF1E55EC220009B56E /* LaunchScreen.storyboard */; };
		B30E02EC1E55EC220009B56E /* ArtRecorderTests.m in Sources */ = {isa = PBXBuildFile; fileRef = B30E02EB1E55EC220009B56E /* ArtRecorderTests.m */; };
		B30E02F71E55EC220009B56E /* ArtRecorderUITests.m in Sources */ = {isa = PBXBuildFile; fileRef = B30E02F61E55EC220009B56E /* ArtRecorderUITests.m */; };
		B3F8C0051E5F39D200FE46AA /* FilterChooseView.m in Sources */ = {isa = PBXBuildFile; fileRef = B3F8C0031E5F39D200FE46AA /* FilterChooseView.m */; };
		B3F8C0371E5FE4A800FE46AA /* libz.1.2.8.tbd in Frameworks */ = {isa = PBXBuildFile; fileRef = B3F8C0361E5FE4A800FE46AA /* libz.1.2.8.tbd */; };
		B3F8C0391E5FE4B400FE46AA /* CoreTelephony.framework in Frameworks */ = {isa = PBXBuildFile; fileRef = B3F8C0381E5FE4B400FE46AA /* CoreTelephony.framework */; };
		B3F8C03B1E5FE4CC00FE46AA /* libc++.tbd in Frameworks */ = {isa = PBXBuildFile; fileRef = B3F8C03A1E5FE4CC00FE46AA /* libc++.tbd */; };
		B3FE74E81E58C1D3009CBBDA /* HomeViewController.m in Sources */ = {isa = PBXBuildFile; fileRef = B3FE74E71E58C1D3009CBBDA /* HomeViewController.m */; };
		B3FE74EF1E58CC66009CBBDA /* VideoViewController.m in Sources */ = {isa = PBXBuildFile; fileRef = B3FE74EE1E58CC66009CBBDA /* VideoViewController.m */; };
		B3FE74F31E598916009CBBDA /* RecorderViewController.m in Sources */ = {isa = PBXBuildFile; fileRef = B3FE74F11E598916009CBBDA /* RecorderViewController.m */; };
		B3FE74F41E598916009CBBDA /* RecorderViewController.xib in Resources */ = {isa = PBXBuildFile; fileRef = B3FE74F21E598916009CBBDA /* RecorderViewController.xib */; };
		B3FE757D1E5DF1A9009CBBDA /* AVFoundation.framework in Frameworks */ = {isa = PBXBuildFile; fileRef = B3FE757C1E5DF1A9009CBBDA /* AVFoundation.framework */; };
		B3FE757F1E5DF1B5009CBBDA /* CoreVideo.framework in Frameworks */ = {isa = PBXBuildFile; fileRef = B3FE757E1E5DF1B5009CBBDA /* CoreVideo.framework */; };
		B3FE75811E5DF1CD009CBBDA /* CoreMedia.framework in Frameworks */ = {isa = PBXBuildFile; fileRef = B3FE75801E5DF1CD009CBBDA /* CoreMedia.framework */; };
		B3FE75831E5DF1DD009CBBDA /* OpenGLES.framework in Frameworks */ = {isa = PBXBuildFile; fileRef = B3FE75821E5DF1DD009CBBDA /* OpenGLES.framework */; };
		B3FE75851E5DF1E5009CBBDA /* QuartzCore.framework in Frameworks */ = {isa = PBXBuildFile; fileRef = B3FE75841E5DF1E5009CBBDA /* QuartzCore.framework */; };
		C9077BC61E69C762009D4615 /* 1.jpg in Resources */ = {isa = PBXBuildFile; fileRef = C9077BC01E69C762009D4615 /* 1.jpg */; };
		C9077BC71E69C762009D4615 /* filter_1.png in Resources */ = {isa = PBXBuildFile; fileRef = C9077BC11E69C762009D4615 /* filter_1.png */; };
		C9077BC81E69C762009D4615 /* filter_2.png in Resources */ = {isa = PBXBuildFile; fileRef = C9077BC21E69C762009D4615 /* filter_2.png */; };
		C9077BC91E69C762009D4615 /* filter_3.png in Resources */ = {isa = PBXBuildFile; fileRef = C9077BC31E69C762009D4615 /* filter_3.png */; };
		C9077BCA1E69C762009D4615 /* filter_4.png in Resources */ = {isa = PBXBuildFile; fileRef = C9077BC41E69C762009D4615 /* filter_4.png */; };
		C9077BCB1E69C762009D4615 /* filter_5.png in Resources */ = {isa = PBXBuildFile; fileRef = C9077BC51E69C762009D4615 /* filter_5.png */; };
		C9077BFF1E6C77BF009D4615 /* Star.png in Resources */ = {isa = PBXBuildFile; fileRef = C9077BF31E6C77BF009D4615 /* Star.png */; };
		C9077C001E6C77BF009D4615 /* Star@2x.png in Resources */ = {isa = PBXBuildFile; fileRef = C9077BF41E6C77BF009D4615 /* Star@2x.png */; };
		C9077C011E6C77BF009D4615 /* Star@3x.png in Resources */ = {isa = PBXBuildFile; fileRef = C9077BF51E6C77BF009D4615 /* Star@3x.png */; };
		C9077C021E6C77BF009D4615 /* switch.png in Resources */ = {isa = PBXBuildFile; fileRef = C9077BF61E6C77BF009D4615 /* switch.png */; };
		C9077C031E6C77BF009D4615 /* switch@2x.png in Resources */ = {isa = PBXBuildFile; fileRef = C9077BF71E6C77BF009D4615 /* switch@2x.png */; };
		C9077C041E6C77BF009D4615 /* switch@3x.png in Resources */ = {isa = PBXBuildFile; fileRef = C9077BF81E6C77BF009D4615 /* switch@3x.png */; };
		C9077C051E6C77BF009D4615 /* Triangle.png in Resources */ = {isa = PBXBuildFile; fileRef = C9077BF91E6C77BF009D4615 /* Triangle.png */; };
		C9077C061E6C77BF009D4615 /* Triangle@2x.png in Resources */ = {isa = PBXBuildFile; fileRef = C9077BFA1E6C77BF009D4615 /* Triangle@2x.png */; };
		C9077C071E6C77BF009D4615 /* Triangle@3x.png in Resources */ = {isa = PBXBuildFile; fileRef = C9077BFB1E6C77BF009D4615 /* Triangle@3x.png */; };
		C9077C0E1E6C77C9009D4615 /* camera.png in Resources */ = {isa = PBXBuildFile; fileRef = C9077C081E6C77C9009D4615 /* camera.png */; };
		C9077C0F1E6C77C9009D4615 /* camera@2x.png in Resources */ = {isa = PBXBuildFile; fileRef = C9077C091E6C77C9009D4615 /* camera@2x.png */; };
		C9077C101E6C77C9009D4615 /* camera@3x.png in Resources */ = {isa = PBXBuildFile; fileRef = C9077C0A1E6C77C9009D4615 /* camera@3x.png */; };
		C9077C111E6C77C9009D4615 /* face.png in Resources */ = {isa = PBXBuildFile; fileRef = C9077C0B1E6C77C9009D4615 /* face.png */; };
		C9077C121E6C77C9009D4615 /* face@2x.png in Resources */ = {isa = PBXBuildFile; fileRef = C9077C0C1E6C77C9009D4615 /* face@2x.png */; };
		C9077C131E6C77C9009D4615 /* face@3x.png in Resources */ = {isa = PBXBuildFile; fileRef = C9077C0D1E6C77C9009D4615 /* face@3x.png */; };
		C9077C1D1E6C7AC6009D4615 /* close.png in Resources */ = {isa = PBXBuildFile; fileRef = C9077C1A1E6C7AC5009D4615 /* close.png */; };
		C9077C1E1E6C7AC6009D4615 /* close@2x.png in Resources */ = {isa = PBXBuildFile; fileRef = C9077C1B1E6C7AC5009D4615 /* close@2x.png */; };
		C9077C1F1E6C7AC6009D4615 /* close@3x.png in Resources */ = {isa = PBXBuildFile; fileRef = C9077C1C1E6C7AC6009D4615 /* close@3x.png */; };
		C9077C231E6C7D34009D4615 /* pause.png in Resources */ = {isa = PBXBuildFile; fileRef = C9077C201E6C7D34009D4615 /* pause.png */; };
		C9077C241E6C7D34009D4615 /* pause@2x.png in Resources */ = {isa = PBXBuildFile; fileRef = C9077C211E6C7D34009D4615 /* pause@2x.png */; };
		C9077C251E6C7D34009D4615 /* pause@3x.png in Resources */ = {isa = PBXBuildFile; fileRef = C9077C221E6C7D34009D4615 /* pause@3x.png */; };
		C94E38F61E8D6C1800F7F066 /* YJDiscoverViewController.m in Sources */ = {isa = PBXBuildFile; fileRef = C94E38F41E8D6C1800F7F066 /* YJDiscoverViewController.m */; };
		C94E39041E8D6DC600F7F066 /* Main.storyboard in Resources */ = {isa = PBXBuildFile; fileRef = C94E39031E8D6DC600F7F066 /* Main.storyboard */; };
		C94E39111E8D6FBA00F7F066 /* icon1.png in Resources */ = {isa = PBXBuildFile; fileRef = C94E39051E8D6FBA00F7F066 /* icon1.png */; };
		C94E39121E8D6FBA00F7F066 /* icon1@2x.png in Resources */ = {isa = PBXBuildFile; fileRef = C94E39061E8D6FBA00F7F066 /* icon1@2x.png */; };
		C94E39131E8D6FBA00F7F066 /* icon1@3x.png in Resources */ = {isa = PBXBuildFile; fileRef = C94E39071E8D6FBA00F7F066 /* icon1@3x.png */; };
		C94E39141E8D6FBA00F7F066 /* icon2.png in Resources */ = {isa = PBXBuildFile; fileRef = C94E39081E8D6FBA00F7F066 /* icon2.png */; };
		C94E39151E8D6FBA00F7F066 /* icon2@2x.png in Resources */ = {isa = PBXBuildFile; fileRef = C94E39091E8D6FBA00F7F066 /* icon2@2x.png */; };
		C94E39161E8D6FBA00F7F066 /* icon2@3x.png in Resources */ = {isa = PBXBuildFile; fileRef = C94E390A1E8D6FBA00F7F066 /* icon2@3x.png */; };
		C94E39171E8D6FBA00F7F066 /* icon3.png in Resources */ = {isa = PBXBuildFile; fileRef = C94E390B1E8D6FBA00F7F066 /* icon3.png */; };
		C94E39181E8D6FBA00F7F066 /* icon3@2x.png in Resources */ = {isa = PBXBuildFile; fileRef = C94E390C1E8D6FBA00F7F066 /* icon3@2x.png */; };
		C94E39191E8D6FBA00F7F066 /* icon3@3x.png in Resources */ = {isa = PBXBuildFile; fileRef = C94E390D1E8D6FBA00F7F066 /* icon3@3x.png */; };
		C94E391A1E8D6FBA00F7F066 /* icon4.png in Resources */ = {isa = PBXBuildFile; fileRef = C94E390E1E8D6FBA00F7F066 /* icon4.png */; };
		C94E391B1E8D6FBA00F7F066 /* icon4@2x.png in Resources */ = {isa = PBXBuildFile; fileRef = C94E390F1E8D6FBA00F7F066 /* icon4@2x.png */; };
		C94E391C1E8D6FBA00F7F066 /* icon4@3x.png in Resources */ = {isa = PBXBuildFile; fileRef = C94E39101E8D6FBA00F7F066 /* icon4@3x.png */; };
		C94E391F1E8D708100F7F066 /* YJTabbarController.m in Sources */ = {isa = PBXBuildFile; fileRef = C94E391E1E8D708100F7F066 /* YJTabbarController.m */; };
		C94E39221E8EA14300F7F066 /* HomeTableViewController.m in Sources */ = {isa = PBXBuildFile; fileRef = C94E39211E8EA14300F7F066 /* HomeTableViewController.m */; };
		C94E39261E8EA28B00F7F066 /* YJVideoCell.m in Sources */ = {isa = PBXBuildFile; fileRef = C94E39241E8EA28B00F7F066 /* YJVideoCell.m */; };
		C94E39271E8EA28B00F7F066 /* YJVideoCell.xib in Resources */ = {isa = PBXBuildFile; fileRef = C94E39251E8EA28B00F7F066 /* YJVideoCell.xib */; };
		C94E392A1E8EA61100F7F066 /* YJVideoModel.m in Sources */ = {isa = PBXBuildFile; fileRef = C94E39291E8EA61100F7F066 /* YJVideoModel.m */; };
		C94E392D1E8EBFB500F7F066 /* DetailViewController.m in Sources */ = {isa = PBXBuildFile; fileRef = C94E392C1E8EBFB500F7F066 /* DetailViewController.m */; };
		C94E39301E8EC6C800F7F066 /* PlayViewController.m in Sources */ = {isa = PBXBuildFile; fileRef = C94E392F1E8EC6C800F7F066 /* PlayViewController.m */; };
		C94FC0C71E65D36600105C9F /* iflyMSC.framework in Frameworks */ = {isa = PBXBuildFile; fileRef = C94FC0C61E65D36600105C9F /* iflyMSC.framework */; };
		C94FC0C91E65D71800105C9F /* AddressBook.framework in Frameworks */ = {isa = PBXBuildFile; fileRef = C94FC0C81E65D71800105C9F /* AddressBook.framework */; };
		C94FC0CB1E65D7D600105C9F /* GLKit.framework in Frameworks */ = {isa = PBXBuildFile; fileRef = C94FC0CA1E65D7D600105C9F /* GLKit.framework */; };
		C94FC0CD1E65D7E100105C9F /* AssetsLibrary.framework in Frameworks */ = {isa = PBXBuildFile; fileRef = C94FC0CC1E65D7E100105C9F /* AssetsLibrary.framework */; };
		C94FC0CF1E65D80D00105C9F /* MobileCoreServices.framework in Frameworks */ = {isa = PBXBuildFile; fileRef = C94FC0CE1E65D80D00105C9F /* MobileCoreServices.framework */; };
		C94FC0D11E65D83000105C9F /* CoreGraphics.framework in Frameworks */ = {isa = PBXBuildFile; fileRef = C94FC0D01E65D83000105C9F /* CoreGraphics.framework */; };
		C94FC0D31E65D88200105C9F /* AudioToolbox.framework in Frameworks */ = {isa = PBXBuildFile; fileRef = C94FC0D21E65D88200105C9F /* AudioToolbox.framework */; };
		C94FC0D51E65D89600105C9F /* CoreMotion.framework in Frameworks */ = {isa = PBXBuildFile; fileRef = C94FC0D41E65D89600105C9F /* CoreMotion.framework */; };
		C94FC0D71E65D8E800105C9F /* SystemConfiguration.framework in Frameworks */ = {isa = PBXBuildFile; fileRef = C94FC0D61E65D8E800105C9F /* SystemConfiguration.framework */; };
		C99224B81E6711A700967818 /* FilterArray.m in Sources */ = {isa = PBXBuildFile; fileRef = C99224B71E6711A700967818 /* FilterArray.m */; };
		C9EC74551E86DBB300F02D3A /* deer@2x.png in Resources */ = {isa = PBXBuildFile; fileRef = C9EC74541E86DBB300F02D3A /* deer@2x.png */; };
		C9EC745C1E86DD3700F02D3A /* fire@2x.png in Resources */ = {isa = PBXBuildFile; fileRef = C9EC74561E86DD3700F02D3A /* fire@2x.png */; };
		C9EC745D1E86DD3700F02D3A /* fire@3x.png in Resources */ = {isa = PBXBuildFile; fileRef = C9EC74571E86DD3700F02D3A /* fire@3x.png */; };
		C9EC745E1E86DD3700F02D3A /* horn@2x.png in Resources */ = {isa = PBXBuildFile; fileRef = C9EC74581E86DD3700F02D3A /* horn@2x.png */; };
		C9EC745F1E86DD3700F02D3A /* horn@3x.png in Resources */ = {isa = PBXBuildFile; fileRef = C9EC74591E86DD3700F02D3A /* horn@3x.png */; };
		C9EC74601E86DD3700F02D3A /* wing@2x.png in Resources */ = {isa = PBXBuildFile; fileRef = C9EC745A1E86DD3700F02D3A /* wing@2x.png */; };
		C9EC74611E86DD3700F02D3A /* wing@3x.png in Resources */ = {isa = PBXBuildFile; fileRef = C9EC745B1E86DD3700F02D3A /* wing@3x.png */; };
		C9EE479C1E924FF600DEA648 /* EHSocialShareViewModel.m in Sources */ = {isa = PBXBuildFile; fileRef = C9EE479B1E924FF600DEA648 /* EHSocialShareViewModel.m */; };
		C9EE47A31E92507D00DEA648 /* share_cancel_btn@2x.png in Resources */ = {isa = PBXBuildFile; fileRef = C9EE479D1E92507D00DEA648 /* share_cancel_btn@2x.png */; };
		C9EE47A41E92507D00DEA648 /* share_qq@2x.png in Resources */ = {isa = PBXBuildFile; fileRef = C9EE479E1E92507D00DEA648 /* share_qq@2x.png */; };
		C9EE47A51E92507D00DEA648 /* share_qzone@2x.png in Resources */ = {isa = PBXBuildFile; fileRef = C9EE479F1E92507D00DEA648 /* share_qzone@2x.png */; };
		C9EE47A61E92507D00DEA648 /* share_timeline@2x.png in Resources */ = {isa = PBXBuildFile; fileRef = C9EE47A01E92507D00DEA648 /* share_timeline@2x.png */; };
		C9EE47A71E92507D00DEA648 /* share_wechat@2x.png in Resources */ = {isa = PBXBuildFile; fileRef = C9EE47A11E92507D00DEA648 /* share_wechat@2x.png */; };
		C9EE47A81E92507D00DEA648 /* share_weibo@2x.png in Resources */ = {isa = PBXBuildFile; fileRef = C9EE47A21E92507D00DEA648 /* share_weibo@2x.png */; };
		C9EE47AF1E9255B300DEA648 /* Star 1.png in Resources */ = {isa = PBXBuildFile; fileRef = C9EE47A91E9255B300DEA648 /* Star 1.png */; };
		C9EE47B01E9255B300DEA648 /* Star 1@2x.png in Resources */ = {isa = PBXBuildFile; fileRef = C9EE47AA1E9255B300DEA648 /* Star 1@2x.png */; };
		C9EE47B11E9255B300DEA648 /* Star 1@3x.png in Resources */ = {isa = PBXBuildFile; fileRef = C9EE47AB1E9255B300DEA648 /* Star 1@3x.png */; };
		C9EE47B21E9255B300DEA648 /* Star 2.png in Resources */ = {isa = PBXBuildFile; fileRef = C9EE47AC1E9255B300DEA648 /* Star 2.png */; };
		C9EE47B31E9255B300DEA648 /* Star 2@2x.png in Resources */ = {isa = PBXBuildFile; fileRef = C9EE47AD1E9255B300DEA648 /* Star 2@2x.png */; };
		C9EE47B41E9255B300DEA648 /* Star 2@3x.png in Resources */ = {isa = PBXBuildFile; fileRef = C9EE47AE1E9255B300DEA648 /* Star 2@3x.png */; };
		EE3B50300BD5E1948DCF74A0 /* libPods-ArtRecorder.a in Frameworks */ = {isa = PBXBuildFile; fileRef = D0E75223F56AFC7308DE31B3 /* libPods-ArtRecorder.a */; };
/* End PBXBuildFile section */

/* Begin PBXContainerItemProxy section */
		B30E02E81E55EC220009B56E /* PBXContainerItemProxy */ = {
			isa = PBXContainerItemProxy;
			containerPortal = B30E02C61E55EC220009B56E /* Project object */;
			proxyType = 1;
			remoteGlobalIDString = B30E02CD1E55EC220009B56E;
			remoteInfo = ArtRecorder;
		};
		B30E02F31E55EC220009B56E /* PBXContainerItemProxy */ = {
			isa = PBXContainerItemProxy;
			containerPortal = B30E02C61E55EC220009B56E /* Project object */;
			proxyType = 1;
			remoteGlobalIDString = B30E02CD1E55EC220009B56E;
			remoteInfo = ArtRecorder;
		};
/* End PBXContainerItemProxy section */

/* Begin PBXCopyFilesBuildPhase section */
		B3FE75941E5DF3F3009CBBDA /* Embed Frameworks */ = {
			isa = PBXCopyFilesBuildPhase;
			buildActionMask = 2147483647;
			dstPath = "";
			dstSubfolderSpec = 10;
			files = (
			);
			name = "Embed Frameworks";
			runOnlyForDeploymentPostprocessing = 0;
		};
/* End PBXCopyFilesBuildPhase section */

/* Begin PBXFileReference section */
		5D17F1E35FF468B41456AED5 /* Pods-ArtRecorder.debug.xcconfig */ = {isa = PBXFileReference; includeInIndex = 1; lastKnownFileType = text.xcconfig; name = "Pods-ArtRecorder.debug.xcconfig"; path = "Pods/Target Support Files/Pods-ArtRecorder/Pods-ArtRecorder.debug.xcconfig"; sourceTree = "<group>"; };
		72A6B44E05EE798B3282F4C1 /* Pods-ArtRecorder.release.xcconfig */ = {isa = PBXFileReference; includeInIndex = 1; lastKnownFileType = text.xcconfig; name = "Pods-ArtRecorder.release.xcconfig"; path = "Pods/Target Support Files/Pods-ArtRecorder/Pods-ArtRecorder.release.xcconfig"; sourceTree = "<group>"; };
		B30E02CE1E55EC220009B56E /* ArtRecorder.app */ = {isa = PBXFileReference; explicitFileType = wrapper.application; includeInIndex = 0; path = ArtRecorder.app; sourceTree = BUILT_PRODUCTS_DIR; };
		B30E02D21E55EC220009B56E /* main.m */ = {isa = PBXFileReference; lastKnownFileType = sourcecode.c.objc; path = main.m; sourceTree = "<group>"; };
		B30E02D41E55EC220009B56E /* AppDelegate.h */ = {isa = PBXFileReference; lastKnownFileType = sourcecode.c.h; path = AppDelegate.h; sourceTree = "<group>"; };
		B30E02D51E55EC220009B56E /* AppDelegate.m */ = {isa = PBXFileReference; lastKnownFileType = sourcecode.c.objc; path = AppDelegate.m; sourceTree = "<group>"; };
		B30E02DD1E55EC220009B56E /* Assets.xcassets */ = {isa = PBXFileReference; lastKnownFileType = folder.assetcatalog; path = Assets.xcassets; sourceTree = "<group>"; };
		B30E02E01E55EC220009B56E /* Base */ = {isa = PBXFileReference; lastKnownFileType = file.storyboard; name = Base; path = Base.lproj/LaunchScreen.storyboard; sourceTree = "<group>"; };
		B30E02E21E55EC220009B56E /* Info.plist */ = {isa = PBXFileReference; lastKnownFileType = text.plist.xml; path = Info.plist; sourceTree = "<group>"; };
		B30E02E71E55EC220009B56E /* ArtRecorderTests.xctest */ = {isa = PBXFileReference; explicitFileType = wrapper.cfbundle; includeInIndex = 0; path = ArtRecorderTests.xctest; sourceTree = BUILT_PRODUCTS_DIR; };
		B30E02EB1E55EC220009B56E /* ArtRecorderTests.m */ = {isa = PBXFileReference; lastKnownFileType = sourcecode.c.objc; path = ArtRecorderTests.m; sourceTree = "<group>"; };
		B30E02ED1E55EC220009B56E /* Info.plist */ = {isa = PBXFileReference; lastKnownFileType = text.plist.xml; path = Info.plist; sourceTree = "<group>"; };
		B30E02F21E55EC220009B56E /* ArtRecorderUITests.xctest */ = {isa = PBXFileReference; explicitFileType = wrapper.cfbundle; includeInIndex = 0; path = ArtRecorderUITests.xctest; sourceTree = BUILT_PRODUCTS_DIR; };
		B30E02F61E55EC220009B56E /* ArtRecorderUITests.m */ = {isa = PBXFileReference; lastKnownFileType = sourcecode.c.objc; path = ArtRecorderUITests.m; sourceTree = "<group>"; };
		B30E02F81E55EC220009B56E /* Info.plist */ = {isa = PBXFileReference; lastKnownFileType = text.plist.xml; path = Info.plist; sourceTree = "<group>"; };
		B3F8C0021E5F39D200FE46AA /* FilterChooseView.h */ = {isa = PBXFileReference; fileEncoding = 4; lastKnownFileType = sourcecode.c.h; path = FilterChooseView.h; sourceTree = "<group>"; };
		B3F8C0031E5F39D200FE46AA /* FilterChooseView.m */ = {isa = PBXFileReference; fileEncoding = 4; lastKnownFileType = sourcecode.c.objc; path = FilterChooseView.m; sourceTree = "<group>"; };
		B3F8C0361E5FE4A800FE46AA /* libz.1.2.8.tbd */ = {isa = PBXFileReference; lastKnownFileType = "sourcecode.text-based-dylib-definition"; name = libz.1.2.8.tbd; path = usr/lib/libz.1.2.8.tbd; sourceTree = SDKROOT; };
		B3F8C0381E5FE4B400FE46AA /* CoreTelephony.framework */ = {isa = PBXFileReference; lastKnownFileType = wrapper.framework; name = CoreTelephony.framework; path = System/Library/Frameworks/CoreTelephony.framework; sourceTree = SDKROOT; };
		B3F8C03A1E5FE4CC00FE46AA /* libc++.tbd */ = {isa = PBXFileReference; lastKnownFileType = "sourcecode.text-based-dylib-definition"; name = "libc++.tbd"; path = "usr/lib/libc++.tbd"; sourceTree = SDKROOT; };
		B3FE74E61E58C1D3009CBBDA /* HomeViewController.h */ = {isa = PBXFileReference; fileEncoding = 4; lastKnownFileType = sourcecode.c.h; path = HomeViewController.h; sourceTree = "<group>"; };
		B3FE74E71E58C1D3009CBBDA /* HomeViewController.m */ = {isa = PBXFileReference; fileEncoding = 4; lastKnownFileType = sourcecode.c.objc; path = HomeViewController.m; sourceTree = "<group>"; };
		B3FE74E91E58C248009CBBDA /* PrefixHeader.pch */ = {isa = PBXFileReference; lastKnownFileType = sourcecode.c.h; name = PrefixHeader.pch; path = "../../../../../../yinjianchen/Desktop/My finder/silver/ArtRecorder/ArtRecorder/PrefixHeader.pch"; sourceTree = "<group>"; };
		B3FE74ED1E58CC66009CBBDA /* VideoViewController.h */ = {isa = PBXFileReference; fileEncoding = 4; lastKnownFileType = sourcecode.c.h; path = VideoViewController.h; sourceTree = "<group>"; };
		B3FE74EE1E58CC66009CBBDA /* VideoViewController.m */ = {isa = PBXFileReference; fileEncoding = 4; lastKnownFileType = sourcecode.c.objc; path = VideoViewController.m; sourceTree = "<group>"; };
		B3FE74F01E598916009CBBDA /* RecorderViewController.h */ = {isa = PBXFileReference; fileEncoding = 4; lastKnownFileType = sourcecode.c.h; path = RecorderViewController.h; sourceTree = "<group>"; };
		B3FE74F11E598916009CBBDA /* RecorderViewController.m */ = {isa = PBXFileReference; fileEncoding = 4; lastKnownFileType = sourcecode.c.objc; path = RecorderViewController.m; sourceTree = "<group>"; };
		B3FE74F21E598916009CBBDA /* RecorderViewController.xib */ = {isa = PBXFileReference; fileEncoding = 4; lastKnownFileType = file.xib; path = RecorderViewController.xib; sourceTree = "<group>"; };
		B3FE757C1E5DF1A9009CBBDA /* AVFoundation.framework */ = {isa = PBXFileReference; lastKnownFileType = wrapper.framework; name = AVFoundation.framework; path = System/Library/Frameworks/AVFoundation.framework; sourceTree = SDKROOT; };
		B3FE757E1E5DF1B5009CBBDA /* CoreVideo.framework */ = {isa = PBXFileReference; lastKnownFileType = wrapper.framework; name = CoreVideo.framework; path = System/Library/Frameworks/CoreVideo.framework; sourceTree = SDKROOT; };
		B3FE75801E5DF1CD009CBBDA /* CoreMedia.framework */ = {isa = PBXFileReference; lastKnownFileType = wrapper.framework; name = CoreMedia.framework; path = System/Library/Frameworks/CoreMedia.framework; sourceTree = SDKROOT; };
		B3FE75821E5DF1DD009CBBDA /* OpenGLES.framework */ = {isa = PBXFileReference; lastKnownFileType = wrapper.framework; name = OpenGLES.framework; path = System/Library/Frameworks/OpenGLES.framework; sourceTree = SDKROOT; };
		B3FE75841E5DF1E5009CBBDA /* QuartzCore.framework */ = {isa = PBXFileReference; lastKnownFileType = wrapper.framework; name = QuartzCore.framework; path = System/Library/Frameworks/QuartzCore.framework; sourceTree = SDKROOT; };
		C9077BC01E69C762009D4615 /* 1.jpg */ = {isa = PBXFileReference; lastKnownFileType = image.jpeg; path = 1.jpg; sourceTree = "<group>"; };
		C9077BC11E69C762009D4615 /* filter_1.png */ = {isa = PBXFileReference; lastKnownFileType = image.png; path = filter_1.png; sourceTree = "<group>"; };
		C9077BC21E69C762009D4615 /* filter_2.png */ = {isa = PBXFileReference; lastKnownFileType = image.png; path = filter_2.png; sourceTree = "<group>"; };
		C9077BC31E69C762009D4615 /* filter_3.png */ = {isa = PBXFileReference; lastKnownFileType = image.png; path = filter_3.png; sourceTree = "<group>"; };
		C9077BC41E69C762009D4615 /* filter_4.png */ = {isa = PBXFileReference; lastKnownFileType = image.png; path = filter_4.png; sourceTree = "<group>"; };
		C9077BC51E69C762009D4615 /* filter_5.png */ = {isa = PBXFileReference; lastKnownFileType = image.png; path = filter_5.png; sourceTree = "<group>"; };
		C9077BF31E6C77BF009D4615 /* Star.png */ = {isa = PBXFileReference; lastKnownFileType = image.png; path = Star.png; sourceTree = "<group>"; };
		C9077BF41E6C77BF009D4615 /* Star@2x.png */ = {isa = PBXFileReference; lastKnownFileType = image.png; path = "Star@2x.png"; sourceTree = "<group>"; };
		C9077BF51E6C77BF009D4615 /* Star@3x.png */ = {isa = PBXFileReference; lastKnownFileType = image.png; path = "Star@3x.png"; sourceTree = "<group>"; };
		C9077BF61E6C77BF009D4615 /* switch.png */ = {isa = PBXFileReference; lastKnownFileType = image.png; path = switch.png; sourceTree = "<group>"; };
		C9077BF71E6C77BF009D4615 /* switch@2x.png */ = {isa = PBXFileReference; lastKnownFileType = image.png; path = "switch@2x.png"; sourceTree = "<group>"; };
		C9077BF81E6C77BF009D4615 /* switch@3x.png */ = {isa = PBXFileReference; lastKnownFileType = image.png; path = "switch@3x.png"; sourceTree = "<group>"; };
		C9077BF91E6C77BF009D4615 /* Triangle.png */ = {isa = PBXFileReference; lastKnownFileType = image.png; path = Triangle.png; sourceTree = "<group>"; };
		C9077BFA1E6C77BF009D4615 /* Triangle@2x.png */ = {isa = PBXFileReference; lastKnownFileType = image.png; path = "Triangle@2x.png"; sourceTree = "<group>"; };
		C9077BFB1E6C77BF009D4615 /* Triangle@3x.png */ = {isa = PBXFileReference; lastKnownFileType = image.png; path = "Triangle@3x.png"; sourceTree = "<group>"; };
		C9077C081E6C77C9009D4615 /* camera.png */ = {isa = PBXFileReference; lastKnownFileType = image.png; path = camera.png; sourceTree = "<group>"; };
		C9077C091E6C77C9009D4615 /* camera@2x.png */ = {isa = PBXFileReference; lastKnownFileType = image.png; path = "camera@2x.png"; sourceTree = "<group>"; };
		C9077C0A1E6C77C9009D4615 /* camera@3x.png */ = {isa = PBXFileReference; lastKnownFileType = image.png; path = "camera@3x.png"; sourceTree = "<group>"; };
		C9077C0B1E6C77C9009D4615 /* face.png */ = {isa = PBXFileReference; lastKnownFileType = image.png; path = face.png; sourceTree = "<group>"; };
		C9077C0C1E6C77C9009D4615 /* face@2x.png */ = {isa = PBXFileReference; lastKnownFileType = image.png; path = "face@2x.png"; sourceTree = "<group>"; };
		C9077C0D1E6C77C9009D4615 /* face@3x.png */ = {isa = PBXFileReference; lastKnownFileType = image.png; path = "face@3x.png"; sourceTree = "<group>"; };
		C9077C1A1E6C7AC5009D4615 /* close.png */ = {isa = PBXFileReference; lastKnownFileType = image.png; path = close.png; sourceTree = "<group>"; };
		C9077C1B1E6C7AC5009D4615 /* close@2x.png */ = {isa = PBXFileReference; lastKnownFileType = image.png; path = "close@2x.png"; sourceTree = "<group>"; };
		C9077C1C1E6C7AC6009D4615 /* close@3x.png */ = {isa = PBXFileReference; lastKnownFileType = image.png; path = "close@3x.png"; sourceTree = "<group>"; };
		C9077C201E6C7D34009D4615 /* pause.png */ = {isa = PBXFileReference; lastKnownFileType = image.png; path = pause.png; sourceTree = "<group>"; };
		C9077C211E6C7D34009D4615 /* pause@2x.png */ = {isa = PBXFileReference; lastKnownFileType = image.png; path = "pause@2x.png"; sourceTree = "<group>"; };
		C9077C221E6C7D34009D4615 /* pause@3x.png */ = {isa = PBXFileReference; lastKnownFileType = image.png; path = "pause@3x.png"; sourceTree = "<group>"; };
		C94E38F31E8D6C1800F7F066 /* YJDiscoverViewController.h */ = {isa = PBXFileReference; fileEncoding = 4; lastKnownFileType = sourcecode.c.h; path = YJDiscoverViewController.h; sourceTree = "<group>"; };
		C94E38F41E8D6C1800F7F066 /* YJDiscoverViewController.m */ = {isa = PBXFileReference; fileEncoding = 4; lastKnownFileType = sourcecode.c.objc; path = YJDiscoverViewController.m; sourceTree = "<group>"; };
		C94E39031E8D6DC600F7F066 /* Main.storyboard */ = {isa = PBXFileReference; fileEncoding = 4; lastKnownFileType = file.storyboard; path = Main.storyboard; sourceTree = "<group>"; };
		C94E39051E8D6FBA00F7F066 /* icon1.png */ = {isa = PBXFileReference; lastKnownFileType = image.png; path = icon1.png; sourceTree = "<group>"; };
		C94E39061E8D6FBA00F7F066 /* icon1@2x.png */ = {isa = PBXFileReference; lastKnownFileType = image.png; path = "icon1@2x.png"; sourceTree = "<group>"; };
		C94E39071E8D6FBA00F7F066 /* icon1@3x.png */ = {isa = PBXFileReference; lastKnownFileType = image.png; path = "icon1@3x.png"; sourceTree = "<group>"; };
		C94E39081E8D6FBA00F7F066 /* icon2.png */ = {isa = PBXFileReference; lastKnownFileType = image.png; path = icon2.png; sourceTree = "<group>"; };
		C94E39091E8D6FBA00F7F066 /* icon2@2x.png */ = {isa = PBXFileReference; lastKnownFileType = image.png; path = "icon2@2x.png"; sourceTree = "<group>"; };
		C94E390A1E8D6FBA00F7F066 /* icon2@3x.png */ = {isa = PBXFileReference; lastKnownFileType = image.png; path = "icon2@3x.png"; sourceTree = "<group>"; };
		C94E390B1E8D6FBA00F7F066 /* icon3.png */ = {isa = PBXFileReference; lastKnownFileType = image.png; path = icon3.png; sourceTree = "<group>"; };
		C94E390C1E8D6FBA00F7F066 /* icon3@2x.png */ = {isa = PBXFileReference; lastKnownFileType = image.png; path = "icon3@2x.png"; sourceTree = "<group>"; };
		C94E390D1E8D6FBA00F7F066 /* icon3@3x.png */ = {isa = PBXFileReference; lastKnownFileType = image.png; path = "icon3@3x.png"; sourceTree = "<group>"; };
		C94E390E1E8D6FBA00F7F066 /* icon4.png */ = {isa = PBXFileReference; lastKnownFileType = image.png; path = icon4.png; sourceTree = "<group>"; };
		C94E390F1E8D6FBA00F7F066 /* icon4@2x.png */ = {isa = PBXFileReference; lastKnownFileType = image.png; path = "icon4@2x.png"; sourceTree = "<group>"; };
		C94E39101E8D6FBA00F7F066 /* icon4@3x.png */ = {isa = PBXFileReference; lastKnownFileType = image.png; path = "icon4@3x.png"; sourceTree = "<group>"; };
		C94E391D1E8D708100F7F066 /* YJTabbarController.h */ = {isa = PBXFileReference; fileEncoding = 4; lastKnownFileType = sourcecode.c.h; path = YJTabbarController.h; sourceTree = "<group>"; };
		C94E391E1E8D708100F7F066 /* YJTabbarController.m */ = {isa = PBXFileReference; fileEncoding = 4; lastKnownFileType = sourcecode.c.objc; path = YJTabbarController.m; sourceTree = "<group>"; };
		C94E39201E8EA14300F7F066 /* HomeTableViewController.h */ = {isa = PBXFileReference; fileEncoding = 4; lastKnownFileType = sourcecode.c.h; path = HomeTableViewController.h; sourceTree = "<group>"; };
		C94E39211E8EA14300F7F066 /* HomeTableViewController.m */ = {isa = PBXFileReference; fileEncoding = 4; lastKnownFileType = sourcecode.c.objc; path = HomeTableViewController.m; sourceTree = "<group>"; };
		C94E39231E8EA28B00F7F066 /* YJVideoCell.h */ = {isa = PBXFileReference; fileEncoding = 4; lastKnownFileType = sourcecode.c.h; path = YJVideoCell.h; sourceTree = "<group>"; };
		C94E39241E8EA28B00F7F066 /* YJVideoCell.m */ = {isa = PBXFileReference; fileEncoding = 4; lastKnownFileType = sourcecode.c.objc; path = YJVideoCell.m; sourceTree = "<group>"; };
		C94E39251E8EA28B00F7F066 /* YJVideoCell.xib */ = {isa = PBXFileReference; fileEncoding = 4; lastKnownFileType = file.xib; path = YJVideoCell.xib; sourceTree = "<group>"; };
		C94E39281E8EA61100F7F066 /* YJVideoModel.h */ = {isa = PBXFileReference; fileEncoding = 4; lastKnownFileType = sourcecode.c.h; path = YJVideoModel.h; sourceTree = "<group>"; };
		C94E39291E8EA61100F7F066 /* YJVideoModel.m */ = {isa = PBXFileReference; fileEncoding = 4; lastKnownFileType = sourcecode.c.objc; path = YJVideoModel.m; sourceTree = "<group>"; };
		C94E392B1E8EBFB500F7F066 /* DetailViewController.h */ = {isa = PBXFileReference; fileEncoding = 4; lastKnownFileType = sourcecode.c.h; path = DetailViewController.h; sourceTree = "<group>"; };
		C94E392C1E8EBFB500F7F066 /* DetailViewController.m */ = {isa = PBXFileReference; fileEncoding = 4; lastKnownFileType = sourcecode.c.objc; path = DetailViewController.m; sourceTree = "<group>"; };
		C94E392E1E8EC6C800F7F066 /* PlayViewController.h */ = {isa = PBXFileReference; fileEncoding = 4; lastKnownFileType = sourcecode.c.h; path = PlayViewController.h; sourceTree = "<group>"; };
		C94E392F1E8EC6C800F7F066 /* PlayViewController.m */ = {isa = PBXFileReference; fileEncoding = 4; lastKnownFileType = sourcecode.c.objc; path = PlayViewController.m; sourceTree = "<group>"; };
		C94FC0C61E65D36600105C9F /* iflyMSC.framework */ = {isa = PBXFileReference; lastKnownFileType = wrapper.framework; name = iflyMSC.framework; path = "../../../../../yinjianchen/Desktop/My finder/silver/ArtRecorder/iflyMSC.framework"; sourceTree = "<group>"; };
		C94FC0C81E65D71800105C9F /* AddressBook.framework */ = {isa = PBXFileReference; lastKnownFileType = wrapper.framework; name = AddressBook.framework; path = System/Library/Frameworks/AddressBook.framework; sourceTree = SDKROOT; };
		C94FC0CA1E65D7D600105C9F /* GLKit.framework */ = {isa = PBXFileReference; lastKnownFileType = wrapper.framework; name = GLKit.framework; path = System/Library/Frameworks/GLKit.framework; sourceTree = SDKROOT; };
		C94FC0CC1E65D7E100105C9F /* AssetsLibrary.framework */ = {isa = PBXFileReference; lastKnownFileType = wrapper.framework; name = AssetsLibrary.framework; path = System/Library/Frameworks/AssetsLibrary.framework; sourceTree = SDKROOT; };
		C94FC0CE1E65D80D00105C9F /* MobileCoreServices.framework */ = {isa = PBXFileReference; lastKnownFileType = wrapper.framework; name = MobileCoreServices.framework; path = System/Library/Frameworks/MobileCoreServices.framework; sourceTree = SDKROOT; };
		C94FC0D01E65D83000105C9F /* CoreGraphics.framework */ = {isa = PBXFileReference; lastKnownFileType = wrapper.framework; name = CoreGraphics.framework; path = System/Library/Frameworks/CoreGraphics.framework; sourceTree = SDKROOT; };
		C94FC0D21E65D88200105C9F /* AudioToolbox.framework */ = {isa = PBXFileReference; lastKnownFileType = wrapper.framework; name = AudioToolbox.framework; path = System/Library/Frameworks/AudioToolbox.framework; sourceTree = SDKROOT; };
		C94FC0D41E65D89600105C9F /* CoreMotion.framework */ = {isa = PBXFileReference; lastKnownFileType = wrapper.framework; name = CoreMotion.framework; path = System/Library/Frameworks/CoreMotion.framework; sourceTree = SDKROOT; };
		C94FC0D61E65D8E800105C9F /* SystemConfiguration.framework */ = {isa = PBXFileReference; lastKnownFileType = wrapper.framework; name = SystemConfiguration.framework; path = System/Library/Frameworks/SystemConfiguration.framework; sourceTree = SDKROOT; };
		C99224B61E6711A700967818 /* FilterArray.h */ = {isa = PBXFileReference; fileEncoding = 4; lastKnownFileType = sourcecode.c.h; path = FilterArray.h; sourceTree = "<group>"; };
		C99224B71E6711A700967818 /* FilterArray.m */ = {isa = PBXFileReference; fileEncoding = 4; lastKnownFileType = sourcecode.c.objc; path = FilterArray.m; sourceTree = "<group>"; };
		C9EC74541E86DBB300F02D3A /* deer@2x.png */ = {isa = PBXFileReference; lastKnownFileType = image.png; path = "deer@2x.png"; sourceTree = "<group>"; };
		C9EC74561E86DD3700F02D3A /* fire@2x.png */ = {isa = PBXFileReference; lastKnownFileType = image.png; path = "fire@2x.png"; sourceTree = "<group>"; };
		C9EC74571E86DD3700F02D3A /* fire@3x.png */ = {isa = PBXFileReference; lastKnownFileType = image.png; path = "fire@3x.png"; sourceTree = "<group>"; };
		C9EC74581E86DD3700F02D3A /* horn@2x.png */ = {isa = PBXFileReference; lastKnownFileType = image.png; path = "horn@2x.png"; sourceTree = "<group>"; };
		C9EC74591E86DD3700F02D3A /* horn@3x.png */ = {isa = PBXFileReference; lastKnownFileType = image.png; path = "horn@3x.png"; sourceTree = "<group>"; };
		C9EC745A1E86DD3700F02D3A /* wing@2x.png */ = {isa = PBXFileReference; lastKnownFileType = image.png; path = "wing@2x.png"; sourceTree = "<group>"; };
		C9EC745B1E86DD3700F02D3A /* wing@3x.png */ = {isa = PBXFileReference; lastKnownFileType = image.png; path = "wing@3x.png"; sourceTree = "<group>"; };
		C9EE479A1E924FF600DEA648 /* EHSocialShareViewModel.h */ = {isa = PBXFileReference; fileEncoding = 4; lastKnownFileType = sourcecode.c.h; path = EHSocialShareViewModel.h; sourceTree = "<group>"; };
		C9EE479B1E924FF600DEA648 /* EHSocialShareViewModel.m */ = {isa = PBXFileReference; fileEncoding = 4; lastKnownFileType = sourcecode.c.objc; path = EHSocialShareViewModel.m; sourceTree = "<group>"; };
		C9EE479D1E92507D00DEA648 /* share_cancel_btn@2x.png */ = {isa = PBXFileReference; lastKnownFileType = image.png; path = "share_cancel_btn@2x.png"; sourceTree = "<group>"; };
		C9EE479E1E92507D00DEA648 /* share_qq@2x.png */ = {isa = PBXFileReference; lastKnownFileType = image.png; path = "share_qq@2x.png"; sourceTree = "<group>"; };
		C9EE479F1E92507D00DEA648 /* share_qzone@2x.png */ = {isa = PBXFileReference; lastKnownFileType = image.png; path = "share_qzone@2x.png"; sourceTree = "<group>"; };
		C9EE47A01E92507D00DEA648 /* share_timeline@2x.png */ = {isa = PBXFileReference; lastKnownFileType = image.png; path = "share_timeline@2x.png"; sourceTree = "<group>"; };
		C9EE47A11E92507D00DEA648 /* share_wechat@2x.png */ = {isa = PBXFileReference; lastKnownFileType = image.png; path = "share_wechat@2x.png"; sourceTree = "<group>"; };
		C9EE47A21E92507D00DEA648 /* share_weibo@2x.png */ = {isa = PBXFileReference; lastKnownFileType = image.png; path = "share_weibo@2x.png"; sourceTree = "<group>"; };
		C9EE47A91E9255B300DEA648 /* Star 1.png */ = {isa = PBXFileReference; lastKnownFileType = image.png; path = "Star 1.png"; sourceTree = "<group>"; };
		C9EE47AA1E9255B300DEA648 /* Star 1@2x.png */ = {isa = PBXFileReference; lastKnownFileType = image.png; path = "Star 1@2x.png"; sourceTree = "<group>"; };
		C9EE47AB1E9255B300DEA648 /* Star 1@3x.png */ = {isa = PBXFileReference; lastKnownFileType = image.png; path = "Star 1@3x.png"; sourceTree = "<group>"; };
		C9EE47AC1E9255B300DEA648 /* Star 2.png */ = {isa = PBXFileReference; lastKnownFileType = image.png; path = "Star 2.png"; sourceTree = "<group>"; };
		C9EE47AD1E9255B300DEA648 /* Star 2@2x.png */ = {isa = PBXFileReference; lastKnownFileType = image.png; path = "Star 2@2x.png"; sourceTree = "<group>"; };
		C9EE47AE1E9255B300DEA648 /* Star 2@3x.png */ = {isa = PBXFileReference; lastKnownFileType = image.png; path = "Star 2@3x.png"; sourceTree = "<group>"; };
		D0E75223F56AFC7308DE31B3 /* libPods-ArtRecorder.a */ = {isa = PBXFileReference; explicitFileType = archive.ar; includeInIndex = 0; path = "libPods-ArtRecorder.a"; sourceTree = BUILT_PRODUCTS_DIR; };
/* End PBXFileReference section */

/* Begin PBXFrameworksBuildPhase section */
		B30E02CB1E55EC220009B56E /* Frameworks */ = {
			isa = PBXFrameworksBuildPhase;
			buildActionMask = 2147483647;
			files = (
				C94FC0D71E65D8E800105C9F /* SystemConfiguration.framework in Frameworks */,
				C94FC0D51E65D89600105C9F /* CoreMotion.framework in Frameworks */,
				C94FC0D31E65D88200105C9F /* AudioToolbox.framework in Frameworks */,
				C94FC0D11E65D83000105C9F /* CoreGraphics.framework in Frameworks */,
				C94FC0CF1E65D80D00105C9F /* MobileCoreServices.framework in Frameworks */,
				C94FC0CD1E65D7E100105C9F /* AssetsLibrary.framework in Frameworks */,
				C94FC0CB1E65D7D600105C9F /* GLKit.framework in Frameworks */,
				C94FC0C91E65D71800105C9F /* AddressBook.framework in Frameworks */,
				C94FC0C71E65D36600105C9F /* iflyMSC.framework in Frameworks */,
				B3F8C03B1E5FE4CC00FE46AA /* libc++.tbd in Frameworks */,
				B3F8C0391E5FE4B400FE46AA /* CoreTelephony.framework in Frameworks */,
				B3F8C0371E5FE4A800FE46AA /* libz.1.2.8.tbd in Frameworks */,
				B3FE75851E5DF1E5009CBBDA /* QuartzCore.framework in Frameworks */,
				B3FE75831E5DF1DD009CBBDA /* OpenGLES.framework in Frameworks */,
				B3FE75811E5DF1CD009CBBDA /* CoreMedia.framework in Frameworks */,
				B3FE757F1E5DF1B5009CBBDA /* CoreVideo.framework in Frameworks */,
				B3FE757D1E5DF1A9009CBBDA /* AVFoundation.framework in Frameworks */,
				EE3B50300BD5E1948DCF74A0 /* libPods-ArtRecorder.a in Frameworks */,
			);
			runOnlyForDeploymentPostprocessing = 0;
		};
		B30E02E41E55EC220009B56E /* Frameworks */ = {
			isa = PBXFrameworksBuildPhase;
			buildActionMask = 2147483647;
			files = (
			);
			runOnlyForDeploymentPostprocessing = 0;
		};
		B30E02EF1E55EC220009B56E /* Frameworks */ = {
			isa = PBXFrameworksBuildPhase;
			buildActionMask = 2147483647;
			files = (
			);
			runOnlyForDeploymentPostprocessing = 0;
		};
/* End PBXFrameworksBuildPhase section */

/* Begin PBXGroup section */
		0F4D89F9055360453810C532 /* Frameworks */ = {
			isa = PBXGroup;
			children = (
				C94FC0D61E65D8E800105C9F /* SystemConfiguration.framework */,
				C94FC0D41E65D89600105C9F /* CoreMotion.framework */,
				C94FC0D21E65D88200105C9F /* AudioToolbox.framework */,
				C94FC0D01E65D83000105C9F /* CoreGraphics.framework */,
				C94FC0CE1E65D80D00105C9F /* MobileCoreServices.framework */,
				C94FC0CC1E65D7E100105C9F /* AssetsLibrary.framework */,
				C94FC0CA1E65D7D600105C9F /* GLKit.framework */,
				C94FC0C81E65D71800105C9F /* AddressBook.framework */,
				C94FC0C61E65D36600105C9F /* iflyMSC.framework */,
				B3F8C03A1E5FE4CC00FE46AA /* libc++.tbd */,
				B3F8C0381E5FE4B400FE46AA /* CoreTelephony.framework */,
				B3F8C0361E5FE4A800FE46AA /* libz.1.2.8.tbd */,
				B3FE75841E5DF1E5009CBBDA /* QuartzCore.framework */,
				B3FE75821E5DF1DD009CBBDA /* OpenGLES.framework */,
				B3FE75801E5DF1CD009CBBDA /* CoreMedia.framework */,
				B3FE757E1E5DF1B5009CBBDA /* CoreVideo.framework */,
				B3FE757C1E5DF1A9009CBBDA /* AVFoundation.framework */,
				D0E75223F56AFC7308DE31B3 /* libPods-ArtRecorder.a */,
			);
			name = Frameworks;
			sourceTree = "<group>";
		};
		B30E02C51E55EC220009B56E = {
			isa = PBXGroup;
			children = (
				B30E02D01E55EC220009B56E /* ArtRecorder */,
				B30E02EA1E55EC220009B56E /* ArtRecorderTests */,
				B30E02F51E55EC220009B56E /* ArtRecorderUITests */,
				B30E02CF1E55EC220009B56E /* Products */,
				BC89E84F19FEEB89E2D0FA0C /* Pods */,
				0F4D89F9055360453810C532 /* Frameworks */,
			);
			sourceTree = "<group>";
		};
		B30E02CF1E55EC220009B56E /* Products */ = {
			isa = PBXGroup;
			children = (
				B30E02CE1E55EC220009B56E /* ArtRecorder.app */,
				B30E02E71E55EC220009B56E /* ArtRecorderTests.xctest */,
				B30E02F21E55EC220009B56E /* ArtRecorderUITests.xctest */,
			);
			name = Products;
			sourceTree = "<group>";
		};
		B30E02D01E55EC220009B56E /* ArtRecorder */ = {
			isa = PBXGroup;
			children = (
				C9077BBC1E69C1F8009D4615 /* Sources */,
				B3FE74D51E57548C009CBBDA /* Sections */,
				B30E02D41E55EC220009B56E /* AppDelegate.h */,
				B30E02D51E55EC220009B56E /* AppDelegate.m */,
				B3FE74E91E58C248009CBBDA /* PrefixHeader.pch */,
				B30E02DD1E55EC220009B56E /* Assets.xcassets */,
				B30E02DF1E55EC220009B56E /* LaunchScreen.storyboard */,
				B30E02E21E55EC220009B56E /* Info.plist */,
				B30E02D11E55EC220009B56E /* Supporting Files */,
			);
			path = ArtRecorder;
			sourceTree = "<group>";
		};
		B30E02D11E55EC220009B56E /* Supporting Files */ = {
			isa = PBXGroup;
			children = (
				B30E02D21E55EC220009B56E /* main.m */,
			);
			name = "Supporting Files";
			sourceTree = "<group>";
		};
		B30E02EA1E55EC220009B56E /* ArtRecorderTests */ = {
			isa = PBXGroup;
			children = (
				B30E02EB1E55EC220009B56E /* ArtRecorderTests.m */,
				B30E02ED1E55EC220009B56E /* Info.plist */,
			);
			path = ArtRecorderTests;
			sourceTree = "<group>";
		};
		B30E02F51E55EC220009B56E /* ArtRecorderUITests */ = {
			isa = PBXGroup;
			children = (
				B30E02F61E55EC220009B56E /* ArtRecorderUITests.m */,
				B30E02F81E55EC220009B56E /* Info.plist */,
			);
			path = ArtRecorderUITests;
			sourceTree = "<group>";
		};
		B3E924011E5F2C4C00CE3B5F /* Filter */ = {
			isa = PBXGroup;
			children = (
				B3F8C0021E5F39D200FE46AA /* FilterChooseView.h */,
				B3F8C0031E5F39D200FE46AA /* FilterChooseView.m */,
			);
			path = Filter;
			sourceTree = "<group>";
		};
		B3FE74D51E57548C009CBBDA /* Sections */ = {
			isa = PBXGroup;
			children = (
				C94E38F81E8D6C3F00F7F066 /* Person */,
				C94E38F21E8D6BEC00F7F066 /* Discover */,
				B3FE74D61E57548C009CBBDA /* Home */,
				B3FE74D71E57548C009CBBDA /* Recorder */,
				B3FE74DC1E57548C009CBBDA /* Share */,
				B3FE74E11E57548C009CBBDA /* Video */,
				C94E39031E8D6DC600F7F066 /* Main.storyboard */,
				C94E391D1E8D708100F7F066 /* YJTabbarController.h */,
				C94E391E1E8D708100F7F066 /* YJTabbarController.m */,
				C94E39201E8EA14300F7F066 /* HomeTableViewController.h */,
				C94E39211E8EA14300F7F066 /* HomeTableViewController.m */,
			);
			name = Sections;
			path = "../../../../../../yinjianchen/Desktop/My finder/silver/ArtRecorder/ArtRecorder/Sections";
			sourceTree = "<group>";
		};
		B3FE74D61E57548C009CBBDA /* Home */ = {
			isa = PBXGroup;
			children = (
				B3FE74E61E58C1D3009CBBDA /* HomeViewController.h */,
				B3FE74E71E58C1D3009CBBDA /* HomeViewController.m */,
			);
			path = Home;
			sourceTree = "<group>";
		};
		B3FE74D71E57548C009CBBDA /* Recorder */ = {
			isa = PBXGroup;
			children = (
				B3FE74D81E57548C009CBBDA /* Controller */,
				B3FE74D91E57548C009CBBDA /* Model */,
				B3FE74DA1E57548C009CBBDA /* View */,
				B3FE74DB1E57548C009CBBDA /* ViewModel */,
			);
			path = Recorder;
			sourceTree = "<group>";
		};
		B3FE74D81E57548C009CBBDA /* Controller */ = {
			isa = PBXGroup;
			children = (
				B3FE74F01E598916009CBBDA /* RecorderViewController.h */,
				B3FE74F11E598916009CBBDA /* RecorderViewController.m */,
				B3FE74F21E598916009CBBDA /* RecorderViewController.xib */,
			);
			path = Controller;
			sourceTree = "<group>";
		};
		B3FE74D91E57548C009CBBDA /* Model */ = {
			isa = PBXGroup;
			children = (
				C99224B61E6711A700967818 /* FilterArray.h */,
				C99224B71E6711A700967818 /* FilterArray.m */,
			);
			path = Model;
			sourceTree = "<group>";
		};
		B3FE74DA1E57548C009CBBDA /* View */ = {
			isa = PBXGroup;
			children = (
				B3E924011E5F2C4C00CE3B5F /* Filter */,
			);
			path = View;
			sourceTree = "<group>";
		};
		B3FE74DB1E57548C009CBBDA /* ViewModel */ = {
			isa = PBXGroup;
			children = (
			);
			path = ViewModel;
			sourceTree = "<group>";
		};
		B3FE74DC1E57548C009CBBDA /* Share */ = {
			isa = PBXGroup;
			children = (
				B3FE74DD1E57548C009CBBDA /* Controller */,
				B3FE74DE1E57548C009CBBDA /* Model */,
				B3FE74DF1E57548C009CBBDA /* View */,
				B3FE74E01E57548C009CBBDA /* ViewModel */,
			);
			path = Share;
			sourceTree = "<group>";
		};
		B3FE74DD1E57548C009CBBDA /* Controller */ = {
			isa = PBXGroup;
			children = (
			);
			path = Controller;
			sourceTree = "<group>";
		};
		B3FE74DE1E57548C009CBBDA /* Model */ = {
			isa = PBXGroup;
			children = (
			);
			path = Model;
			sourceTree = "<group>";
		};
		B3FE74DF1E57548C009CBBDA /* View */ = {
			isa = PBXGroup;
			children = (
			);
			path = View;
			sourceTree = "<group>";
		};
		B3FE74E01E57548C009CBBDA /* ViewModel */ = {
			isa = PBXGroup;
			children = (
			);
			path = ViewModel;
			sourceTree = "<group>";
		};
		B3FE74E11E57548C009CBBDA /* Video */ = {
			isa = PBXGroup;
			children = (
				B3FE74E21E57548C009CBBDA /* Controller */,
				B3FE74E31E57548C009CBBDA /* Model */,
				B3FE74E41E57548C009CBBDA /* View */,
				B3FE74E51E57548C009CBBDA /* ViewModel */,
			);
			path = Video;
			sourceTree = "<group>";
		};
		B3FE74E21E57548C009CBBDA /* Controller */ = {
			isa = PBXGroup;
			children = (
				B3FE74ED1E58CC66009CBBDA /* VideoViewController.h */,
				B3FE74EE1E58CC66009CBBDA /* VideoViewController.m */,
			);
			path = Controller;
			sourceTree = "<group>";
		};
		B3FE74E31E57548C009CBBDA /* Model */ = {
			isa = PBXGroup;
			children = (
			);
			path = Model;
			sourceTree = "<group>";
		};
		B3FE74E41E57548C009CBBDA /* View */ = {
			isa = PBXGroup;
			children = (
			);
			path = View;
			sourceTree = "<group>";
		};
		B3FE74E51E57548C009CBBDA /* ViewModel */ = {
			isa = PBXGroup;
			children = (
			);
			path = ViewModel;
			sourceTree = "<group>";
		};
		BC89E84F19FEEB89E2D0FA0C /* Pods */ = {
			isa = PBXGroup;
			children = (
				5D17F1E35FF468B41456AED5 /* Pods-ArtRecorder.debug.xcconfig */,
				72A6B44E05EE798B3282F4C1 /* Pods-ArtRecorder.release.xcconfig */,
			);
			name = Pods;
			sourceTree = "<group>";
		};
		C9077BBC1E69C1F8009D4615 /* Sources */ = {
			isa = PBXGroup;
			children = (
				C9EE479A1E924FF600DEA648 /* EHSocialShareViewModel.h */,
				C9EE479B1E924FF600DEA648 /* EHSocialShareViewModel.m */,
				C9077BBF1E69C762009D4615 /* images */,
			);
			name = Sources;
			path = "../../../../../../yinjianchen/Desktop/My finder/silver/ArtRecorder/ArtRecorder/Sources";
			sourceTree = "<group>";
		};
		C9077BBF1E69C762009D4615 /* images */ = {
			isa = PBXGroup;
			children = (
				C9EE47A91E9255B300DEA648 /* Star 1.png */,
				C9EE47AA1E9255B300DEA648 /* Star 1@2x.png */,
				C9EE47AB1E9255B300DEA648 /* Star 1@3x.png */,
				C9EE47AC1E9255B300DEA648 /* Star 2.png */,
				C9EE47AD1E9255B300DEA648 /* Star 2@2x.png */,
				C9EE47AE1E9255B300DEA648 /* Star 2@3x.png */,
				C9EE479D1E92507D00DEA648 /* share_cancel_btn@2x.png */,
				C9EE479E1E92507D00DEA648 /* share_qq@2x.png */,
				C9EE479F1E92507D00DEA648 /* share_qzone@2x.png */,
				C9EE47A01E92507D00DEA648 /* share_timeline@2x.png */,
				C9EE47A11E92507D00DEA648 /* share_wechat@2x.png */,
				C9EE47A21E92507D00DEA648 /* share_weibo@2x.png */,
				C94E39051E8D6FBA00F7F066 /* icon1.png */,
				C94E39061E8D6FBA00F7F066 /* icon1@2x.png */,
				C94E39071E8D6FBA00F7F066 /* icon1@3x.png */,
				C94E39081E8D6FBA00F7F066 /* icon2.png */,
				C94E39091E8D6FBA00F7F066 /* icon2@2x.png */,
				C94E390A1E8D6FBA00F7F066 /* icon2@3x.png */,
				C94E390B1E8D6FBA00F7F066 /* icon3.png */,
				C94E390C1E8D6FBA00F7F066 /* icon3@2x.png */,
				C94E390D1E8D6FBA00F7F066 /* icon3@3x.png */,
				C94E390E1E8D6FBA00F7F066 /* icon4.png */,
				C94E390F1E8D6FBA00F7F066 /* icon4@2x.png */,
				C94E39101E8D6FBA00F7F066 /* icon4@3x.png */,
				C9EC74561E86DD3700F02D3A /* fire@2x.png */,
				C9EC74571E86DD3700F02D3A /* fire@3x.png */,
				C9EC74581E86DD3700F02D3A /* horn@2x.png */,
				C9EC74591E86DD3700F02D3A /* horn@3x.png */,
				C9EC745A1E86DD3700F02D3A /* wing@2x.png */,
				C9EC745B1E86DD3700F02D3A /* wing@3x.png */,
				C9EC74541E86DBB300F02D3A /* deer@2x.png */,
				C9077C201E6C7D34009D4615 /* pause.png */,
				C9077C211E6C7D34009D4615 /* pause@2x.png */,
				C9077C221E6C7D34009D4615 /* pause@3x.png */,
				C9077C1A1E6C7AC5009D4615 /* close.png */,
				C9077C1B1E6C7AC5009D4615 /* close@2x.png */,
				C9077C1C1E6C7AC6009D4615 /* close@3x.png */,
				C9077C081E6C77C9009D4615 /* camera.png */,
				C9077C091E6C77C9009D4615 /* camera@2x.png */,
				C9077C0A1E6C77C9009D4615 /* camera@3x.png */,
				C9077C0B1E6C77C9009D4615 /* face.png */,
				C9077C0C1E6C77C9009D4615 /* face@2x.png */,
				C9077C0D1E6C77C9009D4615 /* face@3x.png */,
				C9077BF31E6C77BF009D4615 /* Star.png */,
				C9077BF41E6C77BF009D4615 /* Star@2x.png */,
				C9077BF51E6C77BF009D4615 /* Star@3x.png */,
				C9077BF61E6C77BF009D4615 /* switch.png */,
				C9077BF71E6C77BF009D4615 /* switch@2x.png */,
				C9077BF81E6C77BF009D4615 /* switch@3x.png */,
				C9077BF91E6C77BF009D4615 /* Triangle.png */,
				C9077BFA1E6C77BF009D4615 /* Triangle@2x.png */,
				C9077BFB1E6C77BF009D4615 /* Triangle@3x.png */,
				C9077BC01E69C762009D4615 /* 1.jpg */,
				C9077BC11E69C762009D4615 /* filter_1.png */,
				C9077BC21E69C762009D4615 /* filter_2.png */,
				C9077BC31E69C762009D4615 /* filter_3.png */,
				C9077BC41E69C762009D4615 /* filter_4.png */,
				C9077BC51E69C762009D4615 /* filter_5.png */,
			);
			path = images;
			sourceTree = "<group>";
		};
		C94E38F21E8D6BEC00F7F066 /* Discover */ = {
			isa = PBXGroup;
			children = (
				C94E38F31E8D6C1800F7F066 /* YJDiscoverViewController.h */,
				C94E38F41E8D6C1800F7F066 /* YJDiscoverViewController.m */,
				C94E39231E8EA28B00F7F066 /* YJVideoCell.h */,
				C94E39241E8EA28B00F7F066 /* YJVideoCell.m */,
				C94E39251E8EA28B00F7F066 /* YJVideoCell.xib */,
				C94E39281E8EA61100F7F066 /* YJVideoModel.h */,
				C94E39291E8EA61100F7F066 /* YJVideoModel.m */,
				C94E392B1E8EBFB500F7F066 /* DetailViewController.h */,
				C94E392C1E8EBFB500F7F066 /* DetailViewController.m */,
				C94E392E1E8EC6C800F7F066 /* PlayViewController.h */,
				C94E392F1E8EC6C800F7F066 /* PlayViewController.m */,
			);
			name = Discover;
			sourceTree = "<group>";
		};
		C94E38F81E8D6C3F00F7F066 /* Person */ = {
			isa = PBXGroup;
			children = (
			);
			name = Person;
			sourceTree = "<group>";
		};
/* End PBXGroup section */

/* Begin PBXNativeTarget section */
		B30E02CD1E55EC220009B56E /* ArtRecorder */ = {
			isa = PBXNativeTarget;
			buildConfigurationList = B30E02FB1E55EC220009B56E /* Build configuration list for PBXNativeTarget "ArtRecorder" */;
			buildPhases = (
				E68FE29FCF14D1E19D8518A0 /* [CP] Check Pods Manifest.lock */,
				B30E02CA1E55EC220009B56E /* Sources */,
				B30E02CB1E55EC220009B56E /* Frameworks */,
				B30E02CC1E55EC220009B56E /* Resources */,
				08DF6CA3C58314A10DF9AD3F /* [CP] Embed Pods Frameworks */,
				29214EF93A8C1CBADBECB8D5 /* [CP] Copy Pods Resources */,
				B3FE75941E5DF3F3009CBBDA /* Embed Frameworks */,
			);
			buildRules = (
			);
			dependencies = (
			);
			name = ArtRecorder;
			productName = ArtRecorder;
			productReference = B30E02CE1E55EC220009B56E /* ArtRecorder.app */;
			productType = "com.apple.product-type.application";
		};
		B30E02E61E55EC220009B56E /* ArtRecorderTests */ = {
			isa = PBXNativeTarget;
			buildConfigurationList = B30E02FE1E55EC220009B56E /* Build configuration list for PBXNativeTarget "ArtRecorderTests" */;
			buildPhases = (
				B30E02E31E55EC220009B56E /* Sources */,
				B30E02E41E55EC220009B56E /* Frameworks */,
				B30E02E51E55EC220009B56E /* Resources */,
			);
			buildRules = (
			);
			dependencies = (
				B30E02E91E55EC220009B56E /* PBXTargetDependency */,
			);
			name = ArtRecorderTests;
			productName = ArtRecorderTests;
			productReference = B30E02E71E55EC220009B56E /* ArtRecorderTests.xctest */;
			productType = "com.apple.product-type.bundle.unit-test";
		};
		B30E02F11E55EC220009B56E /* ArtRecorderUITests */ = {
			isa = PBXNativeTarget;
			buildConfigurationList = B30E03011E55EC220009B56E /* Build configuration list for PBXNativeTarget "ArtRecorderUITests" */;
			buildPhases = (
				B30E02EE1E55EC220009B56E /* Sources */,
				B30E02EF1E55EC220009B56E /* Frameworks */,
				B30E02F01E55EC220009B56E /* Resources */,
			);
			buildRules = (
			);
			dependencies = (
				B30E02F41E55EC220009B56E /* PBXTargetDependency */,
			);
			name = ArtRecorderUITests;
			productName = ArtRecorderUITests;
			productReference = B30E02F21E55EC220009B56E /* ArtRecorderUITests.xctest */;
			productType = "com.apple.product-type.bundle.ui-testing";
		};
/* End PBXNativeTarget section */

/* Begin PBXProject section */
		B30E02C61E55EC220009B56E /* Project object */ = {
			isa = PBXProject;
			attributes = {
				LastUpgradeCheck = 0820;
				ORGANIZATIONNAME = YinjianChen;
				TargetAttributes = {
					B30E02CD1E55EC220009B56E = {
						CreatedOnToolsVersion = 8.2.1;
						DevelopmentTeam = 6YFDY973XZ;
						ProvisioningStyle = Automatic;
					};
					B30E02E61E55EC220009B56E = {
						CreatedOnToolsVersion = 8.2.1;
						DevelopmentTeam = 6YFDY973XZ;
						ProvisioningStyle = Automatic;
						TestTargetID = B30E02CD1E55EC220009B56E;
					};
					B30E02F11E55EC220009B56E = {
						CreatedOnToolsVersion = 8.2.1;
						DevelopmentTeam = 6YFDY973XZ;
						ProvisioningStyle = Automatic;
						TestTargetID = B30E02CD1E55EC220009B56E;
					};
				};
			};
			buildConfigurationList = B30E02C91E55EC220009B56E /* Build configuration list for PBXProject "ArtRecorder" */;
			compatibilityVersion = "Xcode 3.2";
			developmentRegion = English;
			hasScannedForEncodings = 0;
			knownRegions = (
				en,
				Base,
			);
			mainGroup = B30E02C51E55EC220009B56E;
			productRefGroup = B30E02CF1E55EC220009B56E /* Products */;
			projectDirPath = "";
			projectRoot = "";
			targets = (
				B30E02CD1E55EC220009B56E /* ArtRecorder */,
				B30E02E61E55EC220009B56E /* ArtRecorderTests */,
				B30E02F11E55EC220009B56E /* ArtRecorderUITests */,
			);
		};
/* End PBXProject section */

/* Begin PBXResourcesBuildPhase section */
		B30E02CC1E55EC220009B56E /* Resources */ = {
			isa = PBXResourcesBuildPhase;
			buildActionMask = 2147483647;
			files = (
				C9077C1F1E6C7AC6009D4615 /* close@3x.png in Resources */,
				C9077C0E1E6C77C9009D4615 /* camera.png in Resources */,
				C9077C1E1E6C7AC6009D4615 /* close@2x.png in Resources */,
				C94E39121E8D6FBA00F7F066 /* icon1@2x.png in Resources */,
				C9077C121E6C77C9009D4615 /* face@2x.png in Resources */,
				C94E39181E8D6FBA00F7F066 /* icon3@2x.png in Resources */,
				C94E39161E8D6FBA00F7F066 /* icon2@3x.png in Resources */,
				C94E39141E8D6FBA00F7F066 /* icon2.png in Resources */,
				C94E391B1E8D6FBA00F7F066 /* icon4@2x.png in Resources */,
				C9EC74611E86DD3700F02D3A /* wing@3x.png in Resources */,
				C9EC745F1E86DD3700F02D3A /* horn@3x.png in Resources */,
				C9EE47A31E92507D00DEA648 /* share_cancel_btn@2x.png in Resources */,
				C9077C031E6C77BF009D4615 /* switch@2x.png in Resources */,
				C9077C011E6C77BF009D4615 /* Star@3x.png in Resources */,
				C9077C041E6C77BF009D4615 /* switch@3x.png in Resources */,
				C9077BCA1E69C762009D4615 /* filter_4.png in Resources */,
				C9EC74601E86DD3700F02D3A /* wing@2x.png in Resources */,
				C94E39041E8D6DC600F7F066 /* Main.storyboard in Resources */,
				C94E39271E8EA28B00F7F066 /* YJVideoCell.xib in Resources */,
				C9EE47A81E92507D00DEA648 /* share_weibo@2x.png in Resources */,
				C9077BC81E69C762009D4615 /* filter_2.png in Resources */,
				C9EE47A51E92507D00DEA648 /* share_qzone@2x.png in Resources */,
				C9EE47B11E9255B300DEA648 /* Star 1@3x.png in Resources */,
				C9077C061E6C77BF009D4615 /* Triangle@2x.png in Resources */,
				C9EE47A71E92507D00DEA648 /* share_wechat@2x.png in Resources */,
				C9EE47B21E9255B300DEA648 /* Star 2.png in Resources */,
				C9077C231E6C7D34009D4615 /* pause.png in Resources */,
				C9EC74551E86DBB300F02D3A /* deer@2x.png in Resources */,
				C9077BFF1E6C77BF009D4615 /* Star.png in Resources */,
				B3FE74F41E598916009CBBDA /* RecorderViewController.xib in Resources */,
				C9EC745C1E86DD3700F02D3A /* fire@2x.png in Resources */,
				C9EC745D1E86DD3700F02D3A /* fire@3x.png in Resources */,
				C94E39131E8D6FBA00F7F066 /* icon1@3x.png in Resources */,
				C9077BCB1E69C762009D4615 /* filter_5.png in Resources */,
				C9077C0F1E6C77C9009D4615 /* camera@2x.png in Resources */,
				C9077C051E6C77BF009D4615 /* Triangle.png in Resources */,
				C9EE47B31E9255B300DEA648 /* Star 2@2x.png in Resources */,
				C9077C001E6C77BF009D4615 /* Star@2x.png in Resources */,
				C9077BC91E69C762009D4615 /* filter_3.png in Resources */,
				C94E39151E8D6FBA00F7F066 /* icon2@2x.png in Resources */,
				C94E39191E8D6FBA00F7F066 /* icon3@3x.png in Resources */,
				C9EE47AF1E9255B300DEA648 /* Star 1.png in Resources */,
				C9EE47B41E9255B300DEA648 /* Star 2@3x.png in Resources */,
				C9EC745E1E86DD3700F02D3A /* horn@2x.png in Resources */,
				C9077BC71E69C762009D4615 /* filter_1.png in Resources */,
				C9077C131E6C77C9009D4615 /* face@3x.png in Resources */,
				C9077C1D1E6C7AC6009D4615 /* close.png in Resources */,
				C9EE47A41E92507D00DEA648 /* share_qq@2x.png in Resources */,
				C9077C071E6C77BF009D4615 /* Triangle@3x.png in Resources */,
				C9077C251E6C7D34009D4615 /* pause@3x.png in Resources */,
				C9EE47B01E9255B300DEA648 /* Star 1@2x.png in Resources */,
				C9077BC61E69C762009D4615 /* 1.jpg in Resources */,
				B30E02E11E55EC220009B56E /* LaunchScreen.storyboard in Resources */,
				C9EE47A61E92507D00DEA648 /* share_timeline@2x.png in Resources */,
				C9077C101E6C77C9009D4615 /* camera@3x.png in Resources */,
				C94E391A1E8D6FBA00F7F066 /* icon4.png in Resources */,
				C9077C241E6C7D34009D4615 /* pause@2x.png in Resources */,
				C9077C111E6C77C9009D4615 /* face.png in Resources */,
				B30E02DE1E55EC220009B56E /* Assets.xcassets in Resources */,
				C9077C021E6C77BF009D4615 /* switch.png in Resources */,
				C94E391C1E8D6FBA00F7F066 /* icon4@3x.png in Resources */,
				C94E39111E8D6FBA00F7F066 /* icon1.png in Resources */,
				C94E39171E8D6FBA00F7F066 /* icon3.png in Resources */,
			);
			runOnlyForDeploymentPostprocessing = 0;
		};
		B30E02E51E55EC220009B56E /* Resources */ = {
			isa = PBXResourcesBuildPhase;
			buildActionMask = 2147483647;
			files = (
			);
			runOnlyForDeploymentPostprocessing = 0;
		};
		B30E02F01E55EC220009B56E /* Resources */ = {
			isa = PBXResourcesBuildPhase;
			buildActionMask = 2147483647;
			files = (
			);
			runOnlyForDeploymentPostprocessing = 0;
		};
/* End PBXResourcesBuildPhase section */

/* Begin PBXShellScriptBuildPhase section */
		08DF6CA3C58314A10DF9AD3F /* [CP] Embed Pods Frameworks */ = {
			isa = PBXShellScriptBuildPhase;
			buildActionMask = 2147483647;
			files = (
			);
			inputPaths = (
			);
			name = "[CP] Embed Pods Frameworks";
			outputPaths = (
			);
			runOnlyForDeploymentPostprocessing = 0;
			shellPath = /bin/sh;
			shellScript = "\"${SRCROOT}/Pods/Target Support Files/Pods-ArtRecorder/Pods-ArtRecorder-frameworks.sh\"\n";
			showEnvVarsInLog = 0;
		};
		29214EF93A8C1CBADBECB8D5 /* [CP] Copy Pods Resources */ = {
			isa = PBXShellScriptBuildPhase;
			buildActionMask = 2147483647;
			files = (
			);
			inputPaths = (
			);
			name = "[CP] Copy Pods Resources";
			outputPaths = (
			);
			runOnlyForDeploymentPostprocessing = 0;
			shellPath = /bin/sh;
			shellScript = "\"${SRCROOT}/Pods/Target Support Files/Pods-ArtRecorder/Pods-ArtRecorder-resources.sh\"\n";
			showEnvVarsInLog = 0;
		};
		E68FE29FCF14D1E19D8518A0 /* [CP] Check Pods Manifest.lock */ = {
			isa = PBXShellScriptBuildPhase;
			buildActionMask = 2147483647;
			files = (
			);
			inputPaths = (
			);
			name = "[CP] Check Pods Manifest.lock";
			outputPaths = (
			);
			runOnlyForDeploymentPostprocessing = 0;
			shellPath = /bin/sh;
			shellScript = "diff \"${PODS_ROOT}/../Podfile.lock\" \"${PODS_ROOT}/Manifest.lock\" > /dev/null\nif [ $? != 0 ] ; then\n    # print error to STDERR\n    echo \"error: The sandbox is not in sync with the Podfile.lock. Run 'pod install' or update your CocoaPods installation.\" >&2\n    exit 1\nfi\n";
			showEnvVarsInLog = 0;
		};
/* End PBXShellScriptBuildPhase section */

/* Begin PBXSourcesBuildPhase section */
		B30E02CA1E55EC220009B56E /* Sources */ = {
			isa = PBXSourcesBuildPhase;
			buildActionMask = 2147483647;
			files = (
				C99224B81E6711A700967818 /* FilterArray.m in Sources */,
				B3FE74F31E598916009CBBDA /* RecorderViewController.m in Sources */,
				B3FE74EF1E58CC66009CBBDA /* VideoViewController.m in Sources */,
				C94E39261E8EA28B00F7F066 /* YJVideoCell.m in Sources */,
				B30E02D61E55EC220009B56E /* AppDelegate.m in Sources */,
				B3F8C0051E5F39D200FE46AA /* FilterChooseView.m in Sources */,
				C94E39301E8EC6C800F7F066 /* PlayViewController.m in Sources */,
				C94E38F61E8D6C1800F7F066 /* YJDiscoverViewController.m in Sources */,
				C94E39221E8EA14300F7F066 /* HomeTableViewController.m in Sources */,
				C94E392A1E8EA61100F7F066 /* YJVideoModel.m in Sources */,
				C9EE479C1E924FF600DEA648 /* EHSocialShareViewModel.m in Sources */,
				C94E392D1E8EBFB500F7F066 /* DetailViewController.m in Sources */,
				B30E02D31E55EC220009B56E /* main.m in Sources */,
				B3FE74E81E58C1D3009CBBDA /* HomeViewController.m in Sources */,
				C94E391F1E8D708100F7F066 /* YJTabbarController.m in Sources */,
			);
			runOnlyForDeploymentPostprocessing = 0;
		};
		B30E02E31E55EC220009B56E /* Sources */ = {
			isa = PBXSourcesBuildPhase;
			buildActionMask = 2147483647;
			files = (
				B30E02EC1E55EC220009B56E /* ArtRecorderTests.m in Sources */,
			);
			runOnlyForDeploymentPostprocessing = 0;
		};
		B30E02EE1E55EC220009B56E /* Sources */ = {
			isa = PBXSourcesBuildPhase;
			buildActionMask = 2147483647;
			files = (
				B30E02F71E55EC220009B56E /* ArtRecorderUITests.m in Sources */,
			);
			runOnlyForDeploymentPostprocessing = 0;
		};
/* End PBXSourcesBuildPhase section */

/* Begin PBXTargetDependency section */
		B30E02E91E55EC220009B56E /* PBXTargetDependency */ = {
			isa = PBXTargetDependency;
			target = B30E02CD1E55EC220009B56E /* ArtRecorder */;
			targetProxy = B30E02E81E55EC220009B56E /* PBXContainerItemProxy */;
		};
		B30E02F41E55EC220009B56E /* PBXTargetDependency */ = {
			isa = PBXTargetDependency;
			target = B30E02CD1E55EC220009B56E /* ArtRecorder */;
			targetProxy = B30E02F31E55EC220009B56E /* PBXContainerItemProxy */;
		};
/* End PBXTargetDependency section */

/* Begin PBXVariantGroup section */
		B30E02DF1E55EC220009B56E /* LaunchScreen.storyboard */ = {
			isa = PBXVariantGroup;
			children = (
				B30E02E01E55EC220009B56E /* Base */,
			);
			name = LaunchScreen.storyboard;
			sourceTree = "<group>";
		};
/* End PBXVariantGroup section */

/* Begin XCBuildConfiguration section */
		B30E02F91E55EC220009B56E /* Debug */ = {
			isa = XCBuildConfiguration;
			buildSettings = {
				ALWAYS_SEARCH_USER_PATHS = NO;
				CLANG_ANALYZER_NONNULL = YES;
				CLANG_CXX_LANGUAGE_STANDARD = "gnu++0x";
				CLANG_CXX_LIBRARY = "libc++";
				CLANG_ENABLE_MODULES = YES;
				CLANG_ENABLE_OBJC_ARC = YES;
				CLANG_WARN_BOOL_CONVERSION = YES;
				CLANG_WARN_CONSTANT_CONVERSION = YES;
				CLANG_WARN_DIRECT_OBJC_ISA_USAGE = YES_ERROR;
				CLANG_WARN_DOCUMENTATION_COMMENTS = YES;
				CLANG_WARN_EMPTY_BODY = YES;
				CLANG_WARN_ENUM_CONVERSION = YES;
				CLANG_WARN_INFINITE_RECURSION = YES;
				CLANG_WARN_INT_CONVERSION = YES;
				CLANG_WARN_OBJC_ROOT_CLASS = YES_ERROR;
				CLANG_WARN_SUSPICIOUS_MOVE = YES;
				CLANG_WARN_UNREACHABLE_CODE = YES;
				CLANG_WARN__DUPLICATE_METHOD_MATCH = YES;
				"CODE_SIGN_IDENTITY[sdk=iphoneos*]" = "iPhone Developer";
				COPY_PHASE_STRIP = NO;
				DEBUG_INFORMATION_FORMAT = dwarf;
				ENABLE_STRICT_OBJC_MSGSEND = YES;
				ENABLE_TESTABILITY = YES;
				GCC_C_LANGUAGE_STANDARD = gnu99;
				GCC_DYNAMIC_NO_PIC = NO;
				GCC_NO_COMMON_BLOCKS = YES;
				GCC_OPTIMIZATION_LEVEL = 0;
				GCC_PREPROCESSOR_DEFINITIONS = (
					"DEBUG=1",
					"$(inherited)",
				);
				GCC_WARN_64_TO_32_BIT_CONVERSION = YES;
				GCC_WARN_ABOUT_RETURN_TYPE = YES_ERROR;
				GCC_WARN_UNDECLARED_SELECTOR = YES;
				GCC_WARN_UNINITIALIZED_AUTOS = YES_AGGRESSIVE;
				GCC_WARN_UNUSED_FUNCTION = YES;
				GCC_WARN_UNUSED_VARIABLE = YES;
				IPHONEOS_DEPLOYMENT_TARGET = 10.2;
				MTL_ENABLE_DEBUG_INFO = YES;
				ONLY_ACTIVE_ARCH = YES;
				SDKROOT = iphoneos;
				TARGETED_DEVICE_FAMILY = "1,2";
			};
			name = Debug;
		};
		B30E02FA1E55EC220009B56E /* Release */ = {
			isa = XCBuildConfiguration;
			buildSettings = {
				ALWAYS_SEARCH_USER_PATHS = NO;
				CLANG_ANALYZER_NONNULL = YES;
				CLANG_CXX_LANGUAGE_STANDARD = "gnu++0x";
				CLANG_CXX_LIBRARY = "libc++";
				CLANG_ENABLE_MODULES = YES;
				CLANG_ENABLE_OBJC_ARC = YES;
				CLANG_WARN_BOOL_CONVERSION = YES;
				CLANG_WARN_CONSTANT_CONVERSION = YES;
				CLANG_WARN_DIRECT_OBJC_ISA_USAGE = YES_ERROR;
				CLANG_WARN_DOCUMENTATION_COMMENTS = YES;
				CLANG_WARN_EMPTY_BODY = YES;
				CLANG_WARN_ENUM_CONVERSION = YES;
				CLANG_WARN_INFINITE_RECURSION = YES;
				CLANG_WARN_INT_CONVERSION = YES;
				CLANG_WARN_OBJC_ROOT_CLASS = YES_ERROR;
				CLANG_WARN_SUSPICIOUS_MOVE = YES;
				CLANG_WARN_UNREACHABLE_CODE = YES;
				CLANG_WARN__DUPLICATE_METHOD_MATCH = YES;
				"CODE_SIGN_IDENTITY[sdk=iphoneos*]" = "iPhone Developer";
				COPY_PHASE_STRIP = NO;
				DEBUG_INFORMATION_FORMAT = "dwarf-with-dsym";
				ENABLE_NS_ASSERTIONS = NO;
				ENABLE_STRICT_OBJC_MSGSEND = YES;
				GCC_C_LANGUAGE_STANDARD = gnu99;
				GCC_NO_COMMON_BLOCKS = YES;
				GCC_WARN_64_TO_32_BIT_CONVERSION = YES;
				GCC_WARN_ABOUT_RETURN_TYPE = YES_ERROR;
				GCC_WARN_UNDECLARED_SELECTOR = YES;
				GCC_WARN_UNINITIALIZED_AUTOS = YES_AGGRESSIVE;
				GCC_WARN_UNUSED_FUNCTION = YES;
				GCC_WARN_UNUSED_VARIABLE = YES;
				IPHONEOS_DEPLOYMENT_TARGET = 10.2;
				MTL_ENABLE_DEBUG_INFO = NO;
				SDKROOT = iphoneos;
				TARGETED_DEVICE_FAMILY = "1,2";
				VALIDATE_PRODUCT = YES;
			};
			name = Release;
		};
		B30E02FC1E55EC220009B56E /* Debug */ = {
			isa = XCBuildConfiguration;
			baseConfigurationReference = 5D17F1E35FF468B41456AED5 /* Pods-ArtRecorder.debug.xcconfig */;
			buildSettings = {
				ASSETCATALOG_COMPILER_APPICON_NAME = AppIcon;
				DEVELOPMENT_TEAM = 6YFDY973XZ;
				ENABLE_BITCODE = NO;
				FRAMEWORK_SEARCH_PATHS = (
					"$(inherited)",
					"$(PROJECT_DIR)",
				);
				GCC_PRECOMPILE_PREFIX_HEADER = YES;
				GCC_PREFIX_HEADER = "$(SRCROOT)/ArtRecorder/PrefixHeader.pch";
				HEADER_SEARCH_PATHS = "$(SRCROOT)/**";
				INFOPLIST_FILE = ArtRecorder/Info.plist;
				IPHONEOS_DEPLOYMENT_TARGET = 10.3;
				LD_RUNPATH_SEARCH_PATHS = "$(inherited) @executable_path/Frameworks";
				PRODUCT_BUNDLE_IDENTIFIER = YinjianChen.ArtRecorder;
				PRODUCT_NAME = "$(TARGET_NAME)";
			};
			name = Debug;
		};
		B30E02FD1E55EC220009B56E /* Release */ = {
			isa = XCBuildConfiguration;
			baseConfigurationReference = 72A6B44E05EE798B3282F4C1 /* Pods-ArtRecorder.release.xcconfig */;
			buildSettings = {
				ASSETCATALOG_COMPILER_APPICON_NAME = AppIcon;
				DEVELOPMENT_TEAM = 6YFDY973XZ;
				ENABLE_BITCODE = NO;
				FRAMEWORK_SEARCH_PATHS = (
					"$(inherited)",
					"$(PROJECT_DIR)",
				);
				GCC_PRECOMPILE_PREFIX_HEADER = YES;
				GCC_PREFIX_HEADER = "$(SRCROOT)/ArtRecorder/PrefixHeader.pch";
				HEADER_SEARCH_PATHS = "$(SRCROOT)/**";
				INFOPLIST_FILE = ArtRecorder/Info.plist;
				IPHONEOS_DEPLOYMENT_TARGET = 10.3;
				LD_RUNPATH_SEARCH_PATHS = "$(inherited) @executable_path/Frameworks";
				PRODUCT_BUNDLE_IDENTIFIER = YinjianChen.ArtRecorder;
				PRODUCT_NAME = "$(TARGET_NAME)";
			};
			name = Release;
		};
		B30E02FF1E55EC220009B56E /* Debug */ = {
			isa = XCBuildConfiguration;
			buildSettings = {
				BUNDLE_LOADER = "$(TEST_HOST)";
				DEVELOPMENT_TEAM = 6YFDY973XZ;
				INFOPLIST_FILE = ArtRecorderTests/Info.plist;
				LD_RUNPATH_SEARCH_PATHS = "$(inherited) @executable_path/Frameworks @loader_path/Frameworks";
				PRODUCT_BUNDLE_IDENTIFIER = YinjianChen.ArtRecorderTests;
				PRODUCT_NAME = "$(TARGET_NAME)";
				TEST_HOST = "$(BUILT_PRODUCTS_DIR)/ArtRecorder.app/ArtRecorder";
			};
			name = Debug;
		};
		B30E03001E55EC220009B56E /* Release */ = {
			isa = XCBuildConfiguration;
			buildSettings = {
				BUNDLE_LOADER = "$(TEST_HOST)";
				DEVELOPMENT_TEAM = 6YFDY973XZ;
				INFOPLIST_FILE = ArtRecorderTests/Info.plist;
				LD_RUNPATH_SEARCH_PATHS = "$(inherited) @executable_path/Frameworks @loader_path/Frameworks";
				PRODUCT_BUNDLE_IDENTIFIER = YinjianChen.ArtRecorderTests;
				PRODUCT_NAME = "$(TARGET_NAME)";
				TEST_HOST = "$(BUILT_PRODUCTS_DIR)/ArtRecorder.app/ArtRecorder";
			};
			name = Release;
		};
		B30E03021E55EC220009B56E /* Debug */ = {
			isa = XCBuildConfiguration;
			buildSettings = {
				DEVELOPMENT_TEAM = 6YFDY973XZ;
				INFOPLIST_FILE = ArtRecorderUITests/Info.plist;
				LD_RUNPATH_SEARCH_PATHS = "$(inherited) @executable_path/Frameworks @loader_path/Frameworks";
				PRODUCT_BUNDLE_IDENTIFIER = YinjianChen.ArtRecorderUITests;
				PRODUCT_NAME = "$(TARGET_NAME)";
				TEST_TARGET_NAME = ArtRecorder;
			};
			name = Debug;
		};
		B30E03031E55EC220009B56E /* Release */ = {
			isa = XCBuildConfiguration;
			buildSettings = {
				DEVELOPMENT_TEAM = 6YFDY973XZ;
				INFOPLIST_FILE = ArtRecorderUITests/Info.plist;
				LD_RUNPATH_SEARCH_PATHS = "$(inherited) @executable_path/Frameworks @loader_path/Frameworks";
				PRODUCT_BUNDLE_IDENTIFIER = YinjianChen.ArtRecorderUITests;
				PRODUCT_NAME = "$(TARGET_NAME)";
				TEST_TARGET_NAME = ArtRecorder;
			};
			name = Release;
		};
/* End XCBuildConfiguration section */

/* Begin XCConfigurationList section */
		B30E02C91E55EC220009B56E /* Build configuration list for PBXProject "ArtRecorder" */ = {
			isa = XCConfigurationList;
			buildConfigurations = (
				B30E02F91E55EC220009B56E /* Debug */,
				B30E02FA1E55EC220009B56E /* Release */,
			);
			defaultConfigurationIsVisible = 0;
			defaultConfigurationName = Release;
		};
		B30E02FB1E55EC220009B56E /* Build configuration list for PBXNativeTarget "ArtRecorder" */ = {
			isa = XCConfigurationList;
			buildConfigurations = (
				B30E02FC1E55EC220009B56E /* Debug */,
				B30E02FD1E55EC220009B56E /* Release */,
			);
			defaultConfigurationIsVisible = 0;
			defaultConfigurationName = Release;
		};
		B30E02FE1E55EC220009B56E /* Build configuration list for PBXNativeTarget "ArtRecorderTests" */ = {
			isa = XCConfigurationList;
			buildConfigurations = (
				B30E02FF1E55EC220009B56E /* Debug */,
				B30E03001E55EC220009B56E /* Release */,
			);
			defaultConfigurationIsVisible = 0;
			defaultConfigurationName = Release;
		};
		B30E03011E55EC220009B56E /* Build configuration list for PBXNativeTarget "ArtRecorderUITests" */ = {
			isa = XCConfigurationList;
			buildConfigurations = (
				B30E03021E55EC220009B56E /* Debug */,
				B30E03031E55EC220009B56E /* Release */,
			);
			defaultConfigurationIsVisible = 0;
			defaultConfigurationName = Release;
		};
/* End XCConfigurationList section */
	};
	rootObject = B30E02C61E55EC220009B56E /* Project object */;
}
